
Microsoft Visual Studio Solution File, Format Version 12.00
# Visual Studio Version 17
VisualStudioVersion = 17.12.35323.107
MinimumVisualStudioVersion = 10.0.40219.1
Project("{F184B08F-C81C-45F6-A57F-5ABD9991F28F}") = "PartialClassevs", "PartialClassevs\PartialClassevs.vbproj", "{928DEC67-F317-440F-9DBF-18041A892B0F}"
EndProject
Global
	GlobalSection(SolutionConfigurationPlatforms) = preSolution
		Debug|Any CPU = Debug|Any CPU
		Release|Any CPU = Release|Any CPU
	EndGlobalSection
	GlobalSection(ProjectConfigurationPlatforms) = postSolution
		{928DEC67-F317-440F-9DBF-18041A892B0F}.Debug|Any CPU.ActiveCfg = Debug|Any CPU
		{928DEC67-F317-440F-9DBF-18041A892B0F}.Debug|Any CPU.Build.0 = Debug|Any CPU
		{928DEC67-F317-440F-9DBF-18041A892B0F}.Release|Any CPU.ActiveCfg = Release|Any CPU
		{928DEC67-F317-440F-9DBF-18041A892B0F}.Release|Any CPU.Build.0 = Release|Any CPU
	EndGlobalSection
	GlobalSection(SolutionProperties) = preSolution
		HideSolutionNode = FALSE
	EndGlobalSection
	GlobalSection(ExtensibilityGlobals) = postSolution
		SolutionGuid = {8152E0C9-30D4-44A2-B0D3-B4599582C924}
	EndGlobalSection
EndGlobal
