
Microsoft Visual Studio Solution File, Format Version 12.00
# Visual Studio Version 17
VisualStudioVersion = 17.13.35931.197
MinimumVisualStudioVersion = 10.0.40219.1
Project("{FAE04EC0-301F-11D3-BF4B-00C04F79EFBC}") = "WebApplication3", "WebApplication3\WebApplication3.csproj", "{7D4B3AF6-7D75-4784-ADBA-47C7D02E3AD8}"
EndProject
Global
	GlobalSection(SolutionConfigurationPlatforms) = preSolution
		Debug|Any CPU = Debug|Any CPU
		Release|Any CPU = Release|Any CPU
	EndGlobalSection
	GlobalSection(ProjectConfigurationPlatforms) = postSolution
		{7D4B3AF6-7D75-4784-ADBA-47C7D02E3AD8}.Debug|Any CPU.ActiveCfg = Debug|Any CPU
		{7D4B3AF6-7D75-4784-ADBA-47C7D02E3AD8}.Debug|Any CPU.Build.0 = Debug|Any CPU
		{7D4B3AF6-7D75-4784-ADBA-47C7D02E3AD8}.Release|Any CPU.ActiveCfg = Release|Any CPU
		{7D4B3AF6-7D75-4784-ADBA-47C7D02E3AD8}.Release|Any CPU.Build.0 = Release|Any CPU
	EndGlobalSection
	GlobalSection(SolutionProperties) = preSolution
		HideSolutionNode = FALSE
	EndGlobalSection
	GlobalSection(ExtensibilityGlobals) = postSolution
		SolutionGuid = {A945F358-9F58-4A3D-9EED-109B177445AB}
	EndGlobalSection
EndGlobal
