
Microsoft Visual Studio Solution File, Format Version 12.00
# Visual Studio Version 17
VisualStudioVersion = 17.13.35605.110 d17.13
MinimumVisualStudioVersion = 10.0.40219.1
Project("{FAE04EC0-301F-11D3-BF4B-00C04F79EFBC}") = "EmployeePortal", "EmployeePortal.csproj", "{2AD1C2C4-D9B2-43FE-A3FF-98E15A42A3CD}"
EndProject
Global
	GlobalSection(SolutionConfigurationPlatforms) = preSolution
		Debug|Any CPU = Debug|Any CPU
		Release|Any CPU = Release|Any CPU
	EndGlobalSection
	GlobalSection(ProjectConfigurationPlatforms) = postSolution
		{2AD1C2C4-D9B2-43FE-A3FF-98E15A42A3CD}.Debug|Any CPU.ActiveCfg = Debug|Any CPU
		{2AD1C2C4-D9B2-43FE-A3FF-98E15A42A3CD}.Debug|Any CPU.Build.0 = Debug|Any CPU
		{2AD1C2C4-D9B2-43FE-A3FF-98E15A42A3CD}.Release|Any CPU.ActiveCfg = Release|Any CPU
		{2AD1C2C4-D9B2-43FE-A3FF-98E15A42A3CD}.Release|Any CPU.Build.0 = Release|Any CPU
	EndGlobalSection
	GlobalSection(SolutionProperties) = preSolution
		HideSolutionNode = FALSE
	EndGlobalSection
	GlobalSection(ExtensibilityGlobals) = postSolution
		SolutionGuid = {8275D32B-D554-4A6C-B200-93F71A96221A}
	EndGlobalSection
EndGlobal
