
Microsoft Visual Studio Solution File, Format Version 12.00
# Visual Studio Version 17
VisualStudioVersion = 17.12.35323.107
MinimumVisualStudioVersion = 10.0.40219.1
Project("{FAE04EC0-301F-11D3-BF4B-00C04F79EFBC}") = "SomeProject1", "SomeProject1.csproj", "{84828DC1-C3E2-4477-BC9C-CC901451BE72}"
EndProject
Global
	GlobalSection(SolutionConfigurationPlatforms) = preSolution
		Debug|Any CPU = Debug|Any CPU
		Release|Any CPU = Release|Any CPU
	EndGlobalSection
	GlobalSection(ProjectConfigurationPlatforms) = postSolution
		{84828DC1-C3E2-4477-BC9C-CC901451BE72}.Debug|Any CPU.ActiveCfg = Debug|Any CPU
		{84828DC1-C3E2-4477-BC9C-CC901451BE72}.Debug|Any CPU.Build.0 = Debug|Any CPU
		{84828DC1-C3E2-4477-BC9C-CC901451BE72}.Release|Any CPU.ActiveCfg = Release|Any CPU
		{84828DC1-C3E2-4477-BC9C-CC901451BE72}.Release|Any CPU.Build.0 = Release|Any CPU
	EndGlobalSection
	GlobalSection(SolutionProperties) = preSolution
		HideSolutionNode = FALSE
	EndGlobalSection
	GlobalSection(ExtensibilityGlobals) = postSolution
		SolutionGuid = {731A8078-8EDB-41E9-8E08-AAFB2827E73C}
	EndGlobalSection
EndGlobal
