
Microsoft Visual Studio Solution File, Format Version 12.00
# Visual Studio Version 17
VisualStudioVersion = 17.13.35605.110 d17.13
MinimumVisualStudioVersion = 10.0.40219.1
Project("{FAE04EC0-301F-11D3-BF4B-00C04F79EFBC}") = "ModelViewController", "ModelViewController.csproj", "{5BF325AB-F691-4B73-A2A2-DD4B14D9D91E}"
EndProject
Global
	GlobalSection(SolutionConfigurationPlatforms) = preSolution
		Debug|Any CPU = Debug|Any CPU
		Release|Any CPU = Release|Any CPU
	EndGlobalSection
	GlobalSection(ProjectConfigurationPlatforms) = postSolution
		{5BF325AB-F691-4B73-A2A2-DD4B14D9D91E}.Debug|Any CPU.ActiveCfg = Debug|Any CPU
		{5BF325AB-F691-4B73-A2A2-DD4B14D9D91E}.Debug|Any CPU.Build.0 = Debug|Any CPU
		{5BF325AB-F691-4B73-A2A2-DD4B14D9D91E}.Release|Any CPU.ActiveCfg = Release|Any CPU
		{5BF325AB-F691-4B73-A2A2-DD4B14D9D91E}.Release|Any CPU.Build.0 = Release|Any CPU
	EndGlobalSection
	GlobalSection(SolutionProperties) = preSolution
		HideSolutionNode = FALSE
	EndGlobalSection
	GlobalSection(ExtensibilityGlobals) = postSolution
		SolutionGuid = {C7F80965-CB58-4CEF-B691-B51BB638D82C}
	EndGlobalSection
EndGlobal
