
Microsoft Visual Studio Solution File, Format Version 12.00
# Visual Studio Version 17
VisualStudioVersion = 17.12.35323.107
MinimumVisualStudioVersion = 10.0.40219.1
Project("{FAE04EC0-301F-11D3-BF4B-00C04F79EFBC}") = "Class_Task", "Class_Task.csproj", "{8E926A79-4717-4733-B6A4-7B61BE4D846E}"
EndProject
Global
	GlobalSection(SolutionConfigurationPlatforms) = preSolution
		Debug|Any CPU = Debug|Any CPU
		Release|Any CPU = Release|Any CPU
	EndGlobalSection
	GlobalSection(ProjectConfigurationPlatforms) = postSolution
		{8E926A79-4717-4733-B6A4-7B61BE4D846E}.Debug|Any CPU.ActiveCfg = Debug|Any CPU
		{8E926A79-4717-4733-B6A4-7B61BE4D846E}.Debug|Any CPU.Build.0 = Debug|Any CPU
		{8E926A79-4717-4733-B6A4-7B61BE4D846E}.Release|Any CPU.ActiveCfg = Release|Any CPU
		{8E926A79-4717-4733-B6A4-7B61BE4D846E}.Release|Any CPU.Build.0 = Release|Any CPU
	EndGlobalSection
	GlobalSection(SolutionProperties) = preSolution
		HideSolutionNode = FALSE
	EndGlobalSection
	GlobalSection(ExtensibilityGlobals) = postSolution
		SolutionGuid = {4C7F2B27-EEDA-4857-B297-0C8453535BB0}
	EndGlobalSection
EndGlobal
