
Microsoft Visual Studio Solution File, Format Version 12.00
# Visual Studio Version 17
VisualStudioVersion = 17.13.35605.110
MinimumVisualStudioVersion = 10.0.40219.1
Project("{FAE04EC0-301F-11D3-BF4B-00C04F79EFBC}") = "DataApplication1", "DataApplication1.csproj", "{922CDDD7-1C87-4130-B756-8E2A9808351A}"
EndProject
Project("{2150E333-8FDC-42A3-9474-1A3956D46DE8}") = "NewFolder1", "NewFolder1", "{02EA681E-C7D8-13C7-8484-4AC65E1B71E8}"
EndProject
Global
	GlobalSection(SolutionConfigurationPlatforms) = preSolution
		Debug|Any CPU = Debug|Any CPU
		Release|Any CPU = Release|Any CPU
	EndGlobalSection
	GlobalSection(ProjectConfigurationPlatforms) = postSolution
		{922CDDD7-1C87-4130-B756-8E2A9808351A}.Debug|Any CPU.ActiveCfg = Debug|Any CPU
		{922CDDD7-1C87-4130-B756-8E2A9808351A}.Debug|Any CPU.Build.0 = Debug|Any CPU
		{922CDDD7-1C87-4130-B756-8E2A9808351A}.Release|Any CPU.ActiveCfg = Release|Any CPU
		{922CDDD7-1C87-4130-B756-8E2A9808351A}.Release|Any CPU.Build.0 = Release|Any CPU
	EndGlobalSection
	GlobalSection(SolutionProperties) = preSolution
		HideSolutionNode = FALSE
	EndGlobalSection
	GlobalSection(ExtensibilityGlobals) = postSolution
		SolutionGuid = {EA9922DA-4EE3-4AE8-8C78-A7419B16BE95}
	EndGlobalSection
EndGlobal
